{
  "name": "Memories",
  "lockfileVersion": 2,
  "requires": true,
  "packages": {
    "": {
      "dependencies": {
        "@reduxjs/toolkit": "^1.9.1"
      }
    },
    "node_modules/@babel/runtime": {
      "version": "7.20.7",
      "license": "MIT",
      "dependencies": {
        "regenerator-runtime": "^0.13.11"
      },
      "engines": {
        "node": ">=6.9.0"
      }
    },
    "node_modules/@reduxjs/toolkit": {
      "version": "1.9.1",
      "resolved": "https://registry.npmjs.org/@reduxjs/toolkit/-/toolkit-1.9.1.tgz",
      "integrity": "sha512-HikrdY+IDgRfRYlCTGUQaiCxxDDgM1mQrRbZ6S1HFZX5ZYuJ4o8EstNmhTwHdPl2rTmLxzwSu0b3AyeyTlR+RA==",
      "dependencies": {
        "immer": "^9.0.16",
        "redux": "^4.2.0",
        "redux-thunk": "^2.4.2",
        "reselect": "^4.1.7"
      },
      "peerDependencies": {
        "react": "^16.9.0 || ^17.0.0 || ^18",
        "react-redux": "^7.2.1 || ^8.0.2"
      },
      "peerDependenciesMeta": {
        "react": {
          "optional": true
        },
        "react-redux": {
          "optional": true
        }
      }
    },
    "node_modules/immer": {
      "version": "9.0.17",
      "license": "MIT",
      "funding": {
        "type": "opencollective",
        "url": "https://opencollective.com/immer"
      }
    },
    "node_modules/redux": {
      "version": "4.2.0",
      "license": "MIT",
      "dependencies": {
        "@babel/runtime": "^7.9.2"
      }
    },
    "node_modules/redux-thunk": {
      "version": "2.4.2",
      "license": "MIT",
      "peerDependencies": {
        "redux": "^4"
      }
    },
    "node_modules/regenerator-runtime": {
      "version": "0.13.11",
      "license": "MIT"
    },
    "node_modules/reselect": {
      "version": "4.1.7",
      "license": "MIT"
    }
  },
  "dependencies": {
    "@babel/runtime": {
      "version": "7.20.7",
      "requires": {
        "regenerator-runtime": "^0.13.11"
      }
    },
    "@reduxjs/toolkit": {
      "version": "1.9.1",
      "resolved": "https://registry.npmjs.org/@reduxjs/toolkit/-/toolkit-1.9.1.tgz",
      "integrity": "sha512-HikrdY+IDgRfRYlCTGUQaiCxxDDgM1mQrRbZ6S1HFZX5ZYuJ4o8EstNmhTwHdPl2rTmLxzwSu0b3AyeyTlR+RA==",
      "requires": {
        "immer": "^9.0.16",
        "redux": "^4.2.0",
        "redux-thunk": "^2.4.2",
        "reselect": "^4.1.7"
      }
    },
    "immer": {
      "version": "9.0.17"
    },
    "redux": {
      "version": "4.2.0",
      "requires": {
        "@babel/runtime": "^7.9.2"
      }
    },
    "redux-thunk": {
      "version": "2.4.2"
    },
    "regenerator-runtime": {
      "version": "0.13.11"
    },
    "reselect": {
      "version": "4.1.7"
    }
  }
}
